
Microsoft Visual Studio Solution File, Format Version 12.00
# Visual Studio 15
VisualStudioVersion = 15.0.27004.2010
MinimumVisualStudioVersion = 10.0.40219.1
Project("{FAE04EC0-301F-11D3-BF4B-00C04F79EFBC}") = "Koala", "Koala\Koala.csproj", "{DDBAB443-7F17-4D87-9628-9F68F6BC8ECB}"
EndProject
Global
	GlobalSection(SolutionConfigurationPlatforms) = preSolution
		Debug|ARM = Debug|ARM
		Debug|x64 = Debug|x64
		Debug|x86 = Debug|x86
		Release|ARM = Release|ARM
		Release|x64 = Release|x64
		Release|x86 = Release|x86
	EndGlobalSection
	GlobalSection(ProjectConfigurationPlatforms) = postSolution
		{DDBAB443-7F17-4D87-9628-9F68F6BC8ECB}.Debug|ARM.ActiveCfg = Debug|ARM
		{DDBAB443-7F17-4D87-9628-9F68F6BC8ECB}.Debug|ARM.Build.0 = Debug|ARM
		{DDBAB443-7F17-4D87-9628-9F68F6BC8ECB}.Debug|ARM.Deploy.0 = Debug|ARM
		{DDBAB443-7F17-4D87-9628-9F68F6BC8ECB}.Debug|x64.ActiveCfg = Debug|x64
		{DDBAB443-7F17-4D87-9628-9F68F6BC8ECB}.Debug|x64.Build.0 = Debug|x64
		{DDBAB443-7F17-4D87-9628-9F68F6BC8ECB}.Debug|x64.Deploy.0 = Debug|x64
		{DDBAB443-7F17-4D87-9628-9F68F6BC8ECB}.Debug|x86.ActiveCfg = Debug|x86
		{DDBAB443-7F17-4D87-9628-9F68F6BC8ECB}.Debug|x86.Build.0 = Debug|x86
		{DDBAB443-7F17-4D87-9628-9F68F6BC8ECB}.Debug|x86.Deploy.0 = Debug|x86
		{DDBAB443-7F17-4D87-9628-9F68F6BC8ECB}.Release|ARM.ActiveCfg = Release|ARM
		{DDBAB443-7F17-4D87-9628-9F68F6BC8ECB}.Release|ARM.Build.0 = Release|ARM
		{DDBAB443-7F17-4D87-9628-9F68F6BC8ECB}.Release|ARM.Deploy.0 = Release|ARM
		{DDBAB443-7F17-4D87-9628-9F68F6BC8ECB}.Release|x64.ActiveCfg = Release|x64
		{DDBAB443-7F17-4D87-9628-9F68F6BC8ECB}.Release|x64.Build.0 = Release|x64
		{DDBAB443-7F17-4D87-9628-9F68F6BC8ECB}.Release|x64.Deploy.0 = Release|x64
		{DDBAB443-7F17-4D87-9628-9F68F6BC8ECB}.Release|x86.ActiveCfg = Release|x86
		{DDBAB443-7F17-4D87-9628-9F68F6BC8ECB}.Release|x86.Build.0 = Release|x86
		{DDBAB443-7F17-4D87-9628-9F68F6BC8ECB}.Release|x86.Deploy.0 = Release|x86
	EndGlobalSection
	GlobalSection(SolutionProperties) = preSolution
		HideSolutionNode = FALSE
	EndGlobalSection
	GlobalSection(ExtensibilityGlobals) = postSolution
		SolutionGuid = {C3494231-F2F1-4828-96B1-9185BDFE1BA6}
	EndGlobalSection
EndGlobal
